{
  "version": 4,
  "terraform_version": "1.10.5",
  "serial": 127,
  "lineage": "c929ce4a-4098-99c2-5b83-f75884d508ad",
  "outputs": {
    "graphql_api_url": {
      "value": {
        "GRAPHQL": "https://jojiwycmx5eq3eufmgignq3mk4.appsync-api.us-east-1.amazonaws.com/graphql",
        "REALTIME": "wss://jojiwycmx5eq3eufmgignq3mk4.appsync-realtime-api.us-east-1.amazonaws.com/graphql"
      },
      "type": [
        "map",
        "string"
      ]
    }
  },
  "resources": [
    {
      "mode": "data",
      "type": "archive_file",
      "name": "lambda_zip",
      "provider": "provider[\"registry.terraform.io/hashicorp/archive\"]",
      "instances": [
        {
          "schema_version": 0,
          "attributes": {
            "exclude_symlink_directories": null,
            "excludes": null,
            "id": "a9c11728c7b04ad26b5b71d1cbdc9cc079e259b5",
            "output_base64sha256": "0chyBWWhe7U3KtEtVofLTFJY+MDTYIJp7f/dIx6vmdo=",
            "output_base64sha512": "qG9xhtkHIWrnqnfq0uUTGJKKpE2nR3XI6oPQ3MC95UKlLusghBdN2JKCuvbwzSLuPn9xA81DxTQOXE/AnUQzWg==",
            "output_file_mode": null,
            "output_md5": "bdcbc42aaf1922242c6b2856600eed2e",
            "output_path": "lambda.zip",
            "output_sha": "a9c11728c7b04ad26b5b71d1cbdc9cc079e259b5",
            "output_sha256": "d1c8720565a17bb5372ad12d5687cb4c5258f8c0d3608269edffdd231eaf99da",
            "output_sha512": "a86f7186d907216ae7aa77ead2e51318928aa44da74775c8ea83d0dcc0bde542a52eeb2084174dd89282baf6f0cd22ee3e7f7103cd43c5340e5c4fc09d44335a",
            "output_size": 827,
            "source": [],
            "source_content": null,
            "source_content_filename": null,
            "source_dir": null,
            "source_file": "lambda/index.mjs",
            "type": "zip"
          },
          "sensitive_attributes": []
        }
      ]
    },
    {
      "mode": "managed",
      "type": "aws_appsync_datasource",
      "name": "dynamodb_datasource",
      "provider": "provider[\"registry.terraform.io/hashicorp/aws\"]",
      "instances": [
        {
          "schema_version": 0,
          "attributes": {
            "api_id": "5karlcw5m5atzas34gc7tbbrje",
            "arn": "arn:aws:appsync:us-east-1:339712946072:apis/5karlcw5m5atzas34gc7tbbrje/datasources/DynamoDBDataSource",
            "description": "",
            "dynamodb_config": [
              {
                "delta_sync_config": [],
                "region": "us-east-1",
                "table_name": "example-table",
                "use_caller_credentials": false,
                "versioned": false
              }
            ],
            "elasticsearch_config": [],
            "event_bridge_config": [],
            "http_config": [],
            "id": "5karlcw5m5atzas34gc7tbbrje-DynamoDBDataSource",
            "lambda_config": [],
            "name": "DynamoDBDataSource",
            "opensearchservice_config": [],
            "relational_database_config": [],
            "service_role_arn": "arn:aws:iam::339712946072:role/example-appsync-execution-role",
            "type": "AMAZON_DYNAMODB"
          },
          "sensitive_attributes": [],
          "private": "bnVsbA==",
          "dependencies": [
            "aws_appsync_graphql_api.example_api",
            "aws_dynamodb_table.example_table",
            "aws_iam_role.appsync_execution_role"
          ]
        }
      ]
    },
    {
      "mode": "managed",
      "type": "aws_appsync_datasource",
      "name": "lambda_datasource",
      "provider": "provider[\"registry.terraform.io/hashicorp/aws\"]",
      "instances": [
        {
          "schema_version": 0,
          "attributes": {
            "api_id": "5karlcw5m5atzas34gc7tbbrje",
            "arn": "arn:aws:appsync:us-east-1:339712946072:apis/5karlcw5m5atzas34gc7tbbrje/datasources/LambdaDataSource",
            "description": "",
            "dynamodb_config": [],
            "elasticsearch_config": [],
            "event_bridge_config": [],
            "http_config": [],
            "id": "5karlcw5m5atzas34gc7tbbrje-LambdaDataSource",
            "lambda_config": [
              {
                "function_arn": "arn:aws:lambda:us-east-1:339712946072:function:example-appsync-lambda"
              }
            ],
            "name": "LambdaDataSource",
            "opensearchservice_config": [],
            "relational_database_config": [],
            "service_role_arn": "arn:aws:iam::339712946072:role/example-appsync-execution-role",
            "type": "AWS_LAMBDA"
          },
          "sensitive_attributes": [],
          "private": "bnVsbA==",
          "dependencies": [
            "aws_appsync_graphql_api.example_api",
            "aws_iam_role.appsync_execution_role",
            "aws_iam_role.lambda_execution_role",
            "aws_lambda_function.example_lambda",
            "data.archive_file.lambda_zip"
          ]
        }
      ]
    },
    {
      "mode": "managed",
      "type": "aws_appsync_graphql_api",
      "name": "example_api",
      "provider": "provider[\"registry.terraform.io/hashicorp/aws\"]",
      "instances": [
        {
          "schema_version": 0,
          "attributes": {
            "additional_authentication_provider": [],
            "api_type": "GRAPHQL",
            "arn": "arn:aws:appsync:us-east-1:339712946072:apis/5karlcw5m5atzas34gc7tbbrje",
            "authentication_type": "API_KEY",
            "enhanced_metrics_config": [],
            "id": "5karlcw5m5atzas34gc7tbbrje",
            "introspection_config": "ENABLED",
            "lambda_authorizer_config": [],
            "log_config": [],
            "merged_api_execution_role_arn": "",
            "name": "example-appsync-api",
            "openid_connect_config": [],
            "query_depth_limit": 0,
            "resolver_count_limit": 0,
            "schema": "  type Query {\r\n    getItem(id: ID!): Item\r\n     getAllItems: [Item]\r\n  }\r\n\r\n  type Item {\r\n    id: ID!\r\n    created_at: String\r\n  }\r\n",
            "tags": {},
            "tags_all": {},
            "uris": {
              "GRAPHQL": "https://jojiwycmx5eq3eufmgignq3mk4.appsync-api.us-east-1.amazonaws.com/graphql",
              "REALTIME": "wss://jojiwycmx5eq3eufmgignq3mk4.appsync-realtime-api.us-east-1.amazonaws.com/graphql"
            },
            "user_pool_config": [],
            "visibility": "GLOBAL",
            "xray_enabled": false
          },
          "sensitive_attributes": [],
          "private": "bnVsbA=="
        }
      ]
    },
    {
      "mode": "managed",
      "type": "aws_appsync_resolver",
      "name": "get_all_items_resolver",
      "provider": "provider[\"registry.terraform.io/hashicorp/aws\"]",
      "instances": [
        {
          "schema_version": 0,
          "attributes": {
            "api_id": "5karlcw5m5atzas34gc7tbbrje",
            "arn": "arn:aws:appsync:us-east-1:339712946072:apis/5karlcw5m5atzas34gc7tbbrje/types/Query/resolvers/getAllItems",
            "caching_config": [],
            "code": "",
            "data_source": "DynamoDBDataSource",
            "field": "getAllItems",
            "id": "5karlcw5m5atzas34gc7tbbrje-Query-getAllItems",
            "kind": "UNIT",
            "max_batch_size": 0,
            "pipeline_config": [],
            "request_template": "{\r\n  \"version\": \"2018-05-29\",\r\n  \"operation\": \"Scan\"\r\n}\r\n",
            "response_template": "{\r\n  \"items\": $util.toJson($ctx.result.Items)\r\n}\r\n",
            "runtime": [],
            "sync_config": [],
            "type": "Query"
          },
          "sensitive_attributes": [],
          "private": "bnVsbA==",
          "dependencies": [
            "aws_appsync_datasource.dynamodb_datasource",
            "aws_appsync_graphql_api.example_api",
            "aws_dynamodb_table.example_table",
            "aws_iam_role.appsync_execution_role"
          ]
        }
      ]
    },
    {
      "mode": "managed",
      "type": "aws_appsync_resolver",
      "name": "get_item_resolver",
      "provider": "provider[\"registry.terraform.io/hashicorp/aws\"]",
      "instances": [
        {
          "schema_version": 0,
          "attributes": {
            "api_id": "5karlcw5m5atzas34gc7tbbrje",
            "arn": "arn:aws:appsync:us-east-1:339712946072:apis/5karlcw5m5atzas34gc7tbbrje/types/Query/resolvers/getItem",
            "caching_config": [],
            "code": "",
            "data_source": "LambdaDataSource",
            "field": "getItem",
            "id": "5karlcw5m5atzas34gc7tbbrje-Query-getItem",
            "kind": "UNIT",
            "max_batch_size": 0,
            "pipeline_config": [],
            "request_template": "",
            "response_template": "",
            "runtime": [],
            "sync_config": [],
            "type": "Query"
          },
          "sensitive_attributes": [],
          "private": "bnVsbA==",
          "dependencies": [
            "aws_appsync_datasource.lambda_datasource",
            "aws_appsync_graphql_api.example_api",
            "aws_iam_role.appsync_execution_role",
            "aws_iam_role.lambda_execution_role",
            "aws_lambda_function.example_lambda",
            "data.archive_file.lambda_zip"
          ]
        }
      ]
    },
    {
      "mode": "managed",
      "type": "aws_dynamodb_table",
      "name": "example_table",
      "provider": "provider[\"registry.terraform.io/hashicorp/aws\"]",
      "instances": [
        {
          "schema_version": 1,
          "attributes": {
            "arn": "arn:aws:dynamodb:us-east-1:339712946072:table/example-table",
            "attribute": [
              {
                "name": "created_at",
                "type": "S"
              },
              {
                "name": "id",
                "type": "S"
              }
            ],
            "billing_mode": "PAY_PER_REQUEST",
            "deletion_protection_enabled": false,
            "global_secondary_index": [
              {
                "hash_key": "created_at",
                "name": "created_at-index",
                "non_key_attributes": [],
                "on_demand_throughput": [],
                "projection_type": "ALL",
                "range_key": "",
                "read_capacity": 5,
                "write_capacity": 5
              }
            ],
            "hash_key": "id",
            "id": "example-table",
            "import_table": [],
            "local_secondary_index": [],
            "name": "example-table",
            "on_demand_throughput": [],
            "point_in_time_recovery": [
              {
                "enabled": false
              }
            ],
            "range_key": null,
            "read_capacity": 0,
            "replica": [],
            "restore_date_time": null,
            "restore_source_name": null,
            "restore_source_table_arn": null,
            "restore_to_latest_time": null,
            "server_side_encryption": [],
            "stream_arn": "",
            "stream_enabled": false,
            "stream_label": "",
            "stream_view_type": "",
            "table_class": "STANDARD",
            "tags": {},
            "tags_all": {},
            "timeouts": null,
            "ttl": [
              {
                "attribute_name": "",
                "enabled": false
              }
            ],
            "write_capacity": 0
          },
          "sensitive_attributes": [],
          "private": "eyJlMmJmYjczMC1lY2FhLTExZTYtOGY4OC0zNDM2M2JjN2M0YzAiOnsiY3JlYXRlIjoxODAwMDAwMDAwMDAwLCJkZWxldGUiOjYwMDAwMDAwMDAwMCwidXBkYXRlIjozNjAwMDAwMDAwMDAwfSwic2NoZW1hX3ZlcnNpb24iOiIxIn0="
        }
      ]
    },
    {
      "mode": "managed",
      "type": "aws_iam_role",
      "name": "appsync_execution_role",
      "provider": "provider[\"registry.terraform.io/hashicorp/aws\"]",
      "instances": [
        {
          "schema_version": 0,
          "attributes": {
            "arn": "arn:aws:iam::339712946072:role/example-appsync-execution-role",
            "assume_role_policy": "{\"Statement\":[{\"Action\":\"sts:AssumeRole\",\"Effect\":\"Allow\",\"Principal\":{\"Service\":\"appsync.amazonaws.com\"},\"Sid\":\"\"}],\"Version\":\"2012-10-17\"}",
            "create_date": "2025-02-25T00:56:39Z",
            "description": "",
            "force_detach_policies": false,
            "id": "example-appsync-execution-role",
            "inline_policy": [
              {
                "name": "example-appsync-lambda-invoke-policy",
                "policy": "{\"Version\":\"2012-10-17\",\"Statement\":[{\"Action\":\"lambda:InvokeFunction\",\"Effect\":\"Allow\",\"Resource\":\"arn:aws:lambda:us-east-1:339712946072:function:example-appsync-lambda\"}]}"
              }
            ],
            "managed_policy_arns": [],
            "max_session_duration": 3600,
            "name": "example-appsync-execution-role",
            "name_prefix": "",
            "path": "/",
            "permissions_boundary": "",
            "tags": {},
            "tags_all": {},
            "unique_id": "AROAU6GDYF6MHHP44SFKJ"
          },
          "sensitive_attributes": [],
          "private": "bnVsbA=="
        }
      ]
    },
    {
      "mode": "managed",
      "type": "aws_iam_role",
      "name": "lambda_execution_role",
      "provider": "provider[\"registry.terraform.io/hashicorp/aws\"]",
      "instances": [
        {
          "schema_version": 0,
          "attributes": {
            "arn": "arn:aws:iam::339712946072:role/example-lambda-execution-role",
            "assume_role_policy": "{\"Statement\":[{\"Action\":\"sts:AssumeRole\",\"Effect\":\"Allow\",\"Principal\":{\"Service\":\"lambda.amazonaws.com\"},\"Sid\":\"\"}],\"Version\":\"2012-10-17\"}",
            "create_date": "2025-02-25T00:49:24Z",
            "description": "",
            "force_detach_policies": false,
            "id": "example-lambda-execution-role",
            "inline_policy": [
              {
                "name": "example-lambda-cloudwatch-policy",
                "policy": "{\"Version\":\"2012-10-17\",\"Statement\":[{\"Action\":[\"logs:CreateLogGroup\",\"logs:CreateLogStream\",\"logs:PutLogEvents\"],\"Effect\":\"Allow\",\"Resource\":\"arn:aws:logs:*:*:*\"}]}"
              },
              {
                "name": "example-lambda-dynamodb-policy",
                "policy": "{\"Version\":\"2012-10-17\",\"Statement\":[{\"Action\":[\"dynamodb:GetItem\"],\"Effect\":\"Allow\",\"Resource\":\"arn:aws:dynamodb:us-east-1:339712946072:table/example-table\"}]}"
              }
            ],
            "managed_policy_arns": [],
            "max_session_duration": 3600,
            "name": "example-lambda-execution-role",
            "name_prefix": "",
            "path": "/",
            "permissions_boundary": "",
            "tags": {},
            "tags_all": {},
            "unique_id": "AROAU6GDYF6MGG5OC6GV2"
          },
          "sensitive_attributes": [],
          "private": "bnVsbA=="
        }
      ]
    },
    {
      "mode": "managed",
      "type": "aws_iam_role_policy",
      "name": "appsync_lambda_invoke_policy",
      "provider": "provider[\"registry.terraform.io/hashicorp/aws\"]",
      "instances": [
        {
          "schema_version": 0,
          "attributes": {
            "id": "example-appsync-execution-role:example-appsync-lambda-invoke-policy",
            "name": "example-appsync-lambda-invoke-policy",
            "name_prefix": "",
            "policy": "{\"Version\":\"2012-10-17\",\"Statement\":[{\"Action\":\"lambda:InvokeFunction\",\"Effect\":\"Allow\",\"Resource\":\"arn:aws:lambda:us-east-1:339712946072:function:example-appsync-lambda\"}]}",
            "role": "example-appsync-execution-role"
          },
          "sensitive_attributes": [],
          "private": "bnVsbA==",
          "dependencies": [
            "aws_iam_role.appsync_execution_role",
            "aws_iam_role.lambda_execution_role",
            "aws_lambda_function.example_lambda",
            "data.archive_file.lambda_zip"
          ]
        }
      ]
    },
    {
      "mode": "managed",
      "type": "aws_iam_role_policy",
      "name": "lambda_cloudwatch_policy",
      "provider": "provider[\"registry.terraform.io/hashicorp/aws\"]",
      "instances": [
        {
          "schema_version": 0,
          "attributes": {
            "id": "example-lambda-execution-role:example-lambda-cloudwatch-policy",
            "name": "example-lambda-cloudwatch-policy",
            "name_prefix": "",
            "policy": "{\"Version\":\"2012-10-17\",\"Statement\":[{\"Action\":[\"logs:CreateLogGroup\",\"logs:CreateLogStream\",\"logs:PutLogEvents\"],\"Effect\":\"Allow\",\"Resource\":\"arn:aws:logs:*:*:*\"}]}",
            "role": "example-lambda-execution-role"
          },
          "sensitive_attributes": [],
          "private": "bnVsbA==",
          "dependencies": [
            "aws_iam_role.lambda_execution_role"
          ]
        }
      ]
    },
    {
      "mode": "managed",
      "type": "aws_iam_role_policy",
      "name": "lambda_dynamodb_policy",
      "provider": "provider[\"registry.terraform.io/hashicorp/aws\"]",
      "instances": [
        {
          "schema_version": 0,
          "attributes": {
            "id": "example-lambda-execution-role:example-lambda-dynamodb-policy",
            "name": "example-lambda-dynamodb-policy",
            "name_prefix": "",
            "policy": "{\"Version\":\"2012-10-17\",\"Statement\":[{\"Action\":[\"dynamodb:GetItem\"],\"Effect\":\"Allow\",\"Resource\":\"arn:aws:dynamodb:us-east-1:339712946072:table/example-table\"}]}",
            "role": "example-lambda-execution-role"
          },
          "sensitive_attributes": [],
          "private": "bnVsbA==",
          "dependencies": [
            "aws_dynamodb_table.example_table",
            "aws_iam_role.lambda_execution_role"
          ]
        }
      ]
    },
    {
      "mode": "managed",
      "type": "aws_lambda_function",
      "name": "example_lambda",
      "provider": "provider[\"registry.terraform.io/hashicorp/aws\"]",
      "instances": [
        {
          "schema_version": 0,
          "attributes": {
            "architectures": [
              "x86_64"
            ],
            "arn": "arn:aws:lambda:us-east-1:339712946072:function:example-appsync-lambda",
            "code_sha256": "0chyBWWhe7U3KtEtVofLTFJY+MDTYIJp7f/dIx6vmdo=",
            "code_signing_config_arn": "",
            "dead_letter_config": [],
            "description": "",
            "environment": [],
            "ephemeral_storage": [
              {
                "size": 512
              }
            ],
            "file_system_config": [],
            "filename": "lambda.zip",
            "function_name": "example-appsync-lambda",
            "handler": "index.handler",
            "id": "example-appsync-lambda",
            "image_config": [],
            "image_uri": "",
            "invoke_arn": "arn:aws:apigateway:us-east-1:lambda:path/2015-03-31/functions/arn:aws:lambda:us-east-1:339712946072:function:example-appsync-lambda/invocations",
            "kms_key_arn": "",
            "last_modified": "2025-02-25T01:13:09.000+0000",
            "layers": [],
            "logging_config": [
              {
                "application_log_level": "",
                "log_format": "Text",
                "log_group": "/aws/lambda/example-appsync-lambda",
                "system_log_level": ""
              }
            ],
            "memory_size": 128,
            "package_type": "Zip",
            "publish": false,
            "qualified_arn": "arn:aws:lambda:us-east-1:339712946072:function:example-appsync-lambda:$LATEST",
            "qualified_invoke_arn": "arn:aws:apigateway:us-east-1:lambda:path/2015-03-31/functions/arn:aws:lambda:us-east-1:339712946072:function:example-appsync-lambda:$LATEST/invocations",
            "replace_security_groups_on_destroy": null,
            "replacement_security_group_ids": null,
            "reserved_concurrent_executions": -1,
            "role": "arn:aws:iam::339712946072:role/example-lambda-execution-role",
            "runtime": "nodejs22.x",
            "s3_bucket": null,
            "s3_key": null,
            "s3_object_version": null,
            "signing_job_arn": "",
            "signing_profile_version_arn": "",
            "skip_destroy": false,
            "snap_start": [],
            "source_code_hash": "0chyBWWhe7U3KtEtVofLTFJY+MDTYIJp7f/dIx6vmdo=",
            "source_code_size": 827,
            "tags": {},
            "tags_all": {},
            "timeout": 60,
            "timeouts": null,
            "tracing_config": [
              {
                "mode": "PassThrough"
              }
            ],
            "version": "$LATEST",
            "vpc_config": []
          },
          "sensitive_attributes": [],
          "private": "eyJlMmJmYjczMC1lY2FhLTExZTYtOGY4OC0zNDM2M2JjN2M0YzAiOnsiY3JlYXRlIjo2MDAwMDAwMDAwMDAsImRlbGV0ZSI6NjAwMDAwMDAwMDAwLCJ1cGRhdGUiOjYwMDAwMDAwMDAwMH19",
          "dependencies": [
            "aws_iam_role.lambda_execution_role",
            "data.archive_file.lambda_zip"
          ]
        }
      ]
    }
  ],
  "check_results": null
}
